// !$*UTF8*$!
{
	archiveVersion = 1;
	classes = {
	};
	objectVersion = 56;
	objects = {

/* Begin PBXBuildFile section */
		BE3C1C082A03C32600F9CF4A /* AppDelegate.swift in Sources */ = {isa = PBXBuildFile; fileRef = BE3C1C072A03C32600F9CF4A /* AppDelegate.swift */; };
		BE3C1C0A2A03C32600F9CF4A /* SceneDelegate.swift in Sources */ = {isa = PBXBuildFile; fileRef = BE3C1C092A03C32600F9CF4A /* SceneDelegate.swift */; };
		BE3C1C0C2A03C32600F9CF4A /* ViewController.swift in Sources */ = {isa = PBXBuildFile; fileRef = BE3C1C0B2A03C32600F9CF4A /* ViewController.swift */; };
		BE3C1C0F2A03C32600F9CF4A /* Main.storyboard in Resources */ = {isa = PBXBuildFile; fileRef = BE3C1C0D2A03C32600F9CF4A /* Main.storyboard */; };
		BE3C1C122A03C32600F9CF4A /* NewsApiTask.xcdatamodeld in Sources */ = {isa = PBXBuildFile; fileRef = BE3C1C102A03C32600F9CF4A /* NewsApiTask.xcdatamodeld */; };
		BE3C1C142A03C32600F9CF4A /* Assets.xcassets in Resources */ = {isa = PBXBuildFile; fileRef = BE3C1C132A03C32600F9CF4A /* Assets.xcassets */; };
		BE3C1C172A03C32600F9CF4A /* LaunchScreen.storyboard in Resources */ = {isa = PBXBuildFile; fileRef = BE3C1C152A03C32600F9CF4A /* LaunchScreen.storyboard */; };
/* End PBXBuildFile section */

/* Begin PBXFileReference section */
		BE3C1C042A03C32600F9CF4A /* NewsApiTask.app */ = {isa = PBXFileReference; explicitFileType = wrapper.application; includeInIndex = 0; path = NewsApiTask.app; sourceTree = BUILT_PRODUCTS_DIR; };
		BE3C1C072A03C32600F9CF4A /* AppDelegate.swift */ = {isa = PBXFileReference; lastKnownFileType = sourcecode.swift; path = AppDelegate.swift; sourceTree = "<group>"; };
		BE3C1C092A03C32600F9CF4A /* SceneDelegate.swift */ = {isa = PBXFileReference; lastKnownFileType = sourcecode.swift; path = SceneDelegate.swift; sourceTree = "<group>"; };
		BE3C1C0B2A03C32600F9CF4A /* ViewController.swift */ = {isa = PBXFileReference; lastKnownFileType = sourcecode.swift; path = ViewController.swift; sourceTree = "<group>"; };
		BE3C1C0E2A03C32600F9CF4A /* Base */ = {isa = PBXFileReference; lastKnownFileType = file.storyboard; name = Base; path = Base.lproj/Main.storyboard; sourceTree = "<group>"; };
		BE3C1C112A03C32600F9CF4A /* NewsApiTask.xcdatamodel */ = {isa = PBXFileReference; lastKnownFileType = wrapper.xcdatamodel; path = NewsApiTask.xcdatamodel; sourceTree = "<group>"; };
		BE3C1C132A03C32600F9CF4A /* Assets.xcassets */ = {isa = PBXFileReference; lastKnownFileType = folder.assetcatalog; path = Assets.xcassets; sourceTree = "<group>"; };
		BE3C1C162A03C32600F9CF4A /* Base */ = {isa = PBXFileReference; lastKnownFileType = file.storyboard; name = Base; path = Base.lproj/LaunchScreen.storyboard; sourceTree = "<group>"; };
		BE3C1C182A03C32600F9CF4A /* Info.plist */ = {isa = PBXFileReference; lastKnownFileType = text.plist.xml; path = Info.plist; sourceTree = "<group>"; };
/* End PBXFileReference section */

/* Begin PBXFrameworksBuildPhase section */
		BE3C1C012A03C32600F9CF4A /* Frameworks */ = {
			isa = PBXFrameworksBuildPhase;
			buildActionMask = 2147483647;
			files = (
			);
			runOnlyForDeploymentPostprocessing = 0;
		};
/* End PBXFrameworksBuildPhase section */

/* Begin PBXGroup section */
		BE3C1BFB2A03C32600F9CF4A = {
			isa = PBXGroup;
			children = (
				BE3C1C062A03C32600F9CF4A /* NewsApiTask */,
				BE3C1C052A03C32600F9CF4A /* Products */,
			);
			sourceTree = "<group>";
		};
		BE3C1C052A03C32600F9CF4A /* Products */ = {
			isa = PBXGroup;
			children = (
				BE3C1C042A03C32600F9CF4A /* NewsApiTask.app */,
			);
			name = Products;
			sourceTree = "<group>";
		};
		BE3C1C062A03C32600F9CF4A /* NewsApiTask */ = {
			isa = PBXGroup;
			children = (
				BE3C1C072A03C32600F9CF4A /* AppDelegate.swift */,
				BE3C1C092A03C32600F9CF4A /* SceneDelegate.swift */,
				BE3C1C0B2A03C32600F9CF4A /* ViewController.swift */,
				BE3C1C0D2A03C32600F9CF4A /* Main.storyboard */,
				BE3C1C132A03C32600F9CF4A /* Assets.xcassets */,
				BE3C1C152A03C32600F9CF4A /* LaunchScreen.storyboard */,
				BE3C1C182A03C32600F9CF4A /* Info.plist */,
				BE3C1C102A03C32600F9CF4A /* NewsApiTask.xcdatamodeld */,
			);
			path = NewsApiTask;
			sourceTree = "<group>";
		};
/* End PBXGroup section */

/* Begin PBXNativeTarget section */
		BE3C1C032A03C32600F9CF4A /* NewsApiTask */ = {
			isa = PBXNativeTarget;
			buildConfigurationList = BE3C1C1B2A03C32600F9CF4A /* Build configuration list for PBXNativeTarget "NewsApiTask" */;
			buildPhases = (
				BE3C1C002A03C32600F9CF4A /* Sources */,
				BE3C1C012A03C32600F9CF4A /* Frameworks */,
				BE3C1C022A03C32600F9CF4A /* Resources */,
			);
			buildRules = (
			);
			dependencies = (
			);
			name = NewsApiTask;
			productName = NewsApiTask;
			productReference = BE3C1C042A03C32600F9CF4A /* NewsApiTask.app */;
			productType = "com.apple.product-type.application";
		};
/* End PBXNativeTarget section */

/* Begin PBXProject section */
		BE3C1BFC2A03C32600F9CF4A /* Project object */ = {
			isa = PBXProject;
			attributes = {
				BuildIndependentTargetsInParallel = 1;
				LastSwiftUpdateCheck = 1430;
				LastUpgradeCheck = 1430;
				TargetAttributes = {
					BE3C1C032A03C32600F9CF4A = {
						CreatedOnToolsVersion = 14.3;
					};
				};
			};
			buildConfigurationList = BE3C1BFF2A03C32600F9CF4A /* Build configuration list for PBXProject "NewsApiTask" */;
			compatibilityVersion = "Xcode 14.0";
			developmentRegion = en;
			hasScannedForEncodings = 0;
			knownRegions = (
				en,
				Base,
			);
			mainGroup = BE3C1BFB2A03C32600F9CF4A;
			productRefGroup = BE3C1C052A03C32600F9CF4A /* Products */;
			projectDirPath = "";
			projectRoot = "";
			targets = (
				BE3C1C032A03C32600F9CF4A /* NewsApiTask */,
			);
		};
/* End PBXProject section */

/* Begin PBXResourcesBuildPhase section */
		BE3C1C022A03C32600F9CF4A /* Resources */ = {
			isa = PBXResourcesBuildPhase;
			buildActionMask = 2147483647;
			files = (
				BE3C1C172A03C32600F9CF4A /* LaunchScreen.storyboard in Resources */,
				BE3C1C142A03C32600F9CF4A /* Assets.xcassets in Resources */,
				BE3C1C0F2A03C32600F9CF4A /* Main.storyboard in Resources */,
			);
			runOnlyForDeploymentPostprocessing = 0;
		};
/* End PBXResourcesBuildPhase section */

/* Begin PBXSourcesBuildPhase section */
		BE3C1C002A03C32600F9CF4A /* Sources */ = {
			isa = PBXSourcesBuildPhase;
			buildActionMask = 2147483647;
			files = (
				BE3C1C0C2A03C32600F9CF4A /* ViewController.swift in Sources */,
				BE3C1C082A03C32600F9CF4A /* AppDelegate.swift in Sources */,
				BE3C1C122A03C32600F9CF4A /* NewsApiTask.xcdatamodeld in Sources */,
				BE3C1C0A2A03C32600F9CF4A /* SceneDelegate.swift in Sources */,
			);
			runOnlyForDeploymentPostprocessing = 0;
		};
/* End PBXSourcesBuildPhase section */

/* Begin PBXVariantGroup section */
		BE3C1C0D2A03C32600F9CF4A /* Main.storyboard */ = {
			isa = PBXVariantGroup;
			children = (
				BE3C1C0E2A03C32600F9CF4A /* Base */,
			);
			name = Main.storyboard;
			sourceTree = "<group>";
		};
		BE3C1C152A03C32600F9CF4A /* LaunchScreen.storyboard */ = {
			isa = PBXVariantGroup;
			children = (
				BE3C1C162A03C32600F9CF4A /* Base */,
			);
			name = LaunchScreen.storyboard;
			sourceTree = "<group>";
		};
/* End PBXVariantGroup section */

/* Begin XCBuildConfiguration section */
		BE3C1C192A03C32600F9CF4A /* Debug */ = {
			isa = XCBuildConfiguration;
			buildSettings = {
				ALWAYS_SEARCH_USER_PATHS = NO;
				CLANG_ANALYZER_NONNULL = YES;
				CLANG_ANALYZER_NUMBER_OBJECT_CONVERSION = YES_AGGRESSIVE;
				CLANG_CXX_LANGUAGE_STANDARD = "gnu++20";
				CLANG_ENABLE_MODULES = YES;
				CLANG_ENABLE_OBJC_ARC = YES;
				CLANG_ENABLE_OBJC_WEAK = YES;
				CLANG_WARN_BLOCK_CAPTURE_AUTORELEASING = YES;
				CLANG_WARN_BOOL_CONVERSION = YES;
				CLANG_WARN_COMMA = YES;
				CLANG_WARN_CONSTANT_CONVERSION = YES;
				CLANG_WARN_DEPRECATED_OBJC_IMPLEMENTATIONS = YES;
				CLANG_WARN_DIRECT_OBJC_ISA_USAGE = YES_ERROR;
				CLANG_WARN_DOCUMENTATION_COMMENTS = YES;
				CLANG_WARN_EMPTY_BODY = YES;
				CLANG_WARN_ENUM_CONVERSION = YES;
				CLANG_WARN_INFINITE_RECURSION = YES;
				CLANG_WARN_INT_CONVERSION = YES;
				CLANG_WARN_NON_LITERAL_NULL_CONVERSION = YES;
				CLANG_WARN_OBJC_IMPLICIT_RETAIN_SELF = YES;
				CLANG_WARN_OBJC_LITERAL_CONVERSION = YES;
				CLANG_WARN_OBJC_ROOT_CLASS = YES_ERROR;
				CLANG_WARN_QUOTED_INCLUDE_IN_FRAMEWORK_HEADER = YES;
				CLANG_WARN_RANGE_LOOP_ANALYSIS = YES;
				CLANG_WARN_STRICT_PROTOTYPES = YES;
				CLANG_WARN_SUSPICIOUS_MOVE = YES;
				CLANG_WARN_UNGUARDED_AVAILABILITY = YES_AGGRESSIVE;
				CLANG_WARN_UNREACHABLE_CODE = YES;
				CLANG_WARN__DUPLICATE_METHOD_MATCH = YES;
				COPY_PHASE_STRIP = NO;
				DEBUG_INFORMATION_FORMAT = dwarf;
				ENABLE_STRICT_OBJC_MSGSEND = YES;
				ENABLE_TESTABILITY = YES;
				GCC_C_LANGUAGE_STANDARD = gnu11;
				GCC_DYNAMIC_NO_PIC = NO;
				GCC_NO_COMMON_BLOCKS = YES;
				GCC_OPTIMIZATION_LEVEL = 0;
				GCC_PREPROCESSOR_DEFINITIONS = (
					"DEBUG=1",
					"$(inherited)",
				);
				GCC_WARN_64_TO_32_BIT_CONVERSION = YES;
				GCC_WARN_ABOUT_RETURN_TYPE = YES_ERROR;
				GCC_WARN_UNDECLARED_SELECTOR = YES;
				GCC_WARN_UNINITIALIZED_AUTOS = YES_AGGRESSIVE;
				GCC_WARN_UNUSED_FUNCTION = YES;
				GCC_WARN_UNUSED_VARIABLE = YES;
				IPHONEOS_DEPLOYMENT_TARGET = 16.4;
				MTL_ENABLE_DEBUG_INFO = INCLUDE_SOURCE;
				MTL_FAST_MATH = YES;
				ONLY_ACTIVE_ARCH = YES;
				SDKROOT = iphoneos;
				SWIFT_ACTIVE_COMPILATION_CONDITIONS = DEBUG;
				SWIFT_OPTIMIZATION_LEVEL = "-Onone";
			};
			name = Debug;
		};
		BE3C1C1A2A03C32600F9CF4A /* Release */ = {
			isa = XCBuildConfiguration;
			buildSettings = {
				ALWAYS_SEARCH_USER_PATHS = NO;
				CLANG_ANALYZER_NONNULL = YES;
				CLANG_ANALYZER_NUMBER_OBJECT_CONVERSION = YES_AGGRESSIVE;
				CLANG_CXX_LANGUAGE_STANDARD = "gnu++20";
				CLANG_ENABLE_MODULES = YES;
				CLANG_ENABLE_OBJC_ARC = YES;
				CLANG_ENABLE_OBJC_WEAK = YES;
				CLANG_WARN_BLOCK_CAPTURE_AUTORELEASING = YES;
				CLANG_WARN_BOOL_CONVERSION = YES;
				CLANG_WARN_COMMA = YES;
				CLANG_WARN_CONSTANT_CONVERSION = YES;
				CLANG_WARN_DEPRECATED_OBJC_IMPLEMENTATIONS = YES;
				CLANG_WARN_DIRECT_OBJC_ISA_USAGE = YES_ERROR;
				CLANG_WARN_DOCUMENTATION_COMMENTS = YES;
				CLANG_WARN_EMPTY_BODY = YES;
				CLANG_WARN_ENUM_CONVERSION = YES;
				CLANG_WARN_INFINITE_RECURSION = YES;
				CLANG_WARN_INT_CONVERSION = YES;
				CLANG_WARN_NON_LITERAL_NULL_CONVERSION = YES;
				CLANG_WARN_OBJC_IMPLICIT_RETAIN_SELF = YES;
				CLANG_WARN_OBJC_LITERAL_CONVERSION = YES;
				CLANG_WARN_OBJC_ROOT_CLASS = YES_ERROR;
				CLANG_WARN_QUOTED_INCLUDE_IN_FRAMEWORK_HEADER = YES;
				CLANG_WARN_RANGE_LOOP_ANALYSIS = YES;
				CLANG_WARN_STRICT_PROTOTYPES = YES;
				CLANG_WARN_SUSPICIOUS_MOVE = YES;
				CLANG_WARN_UNGUARDED_AVAILABILITY = YES_AGGRESSIVE;
				CLANG_WARN_UNREACHABLE_CODE = YES;
				CLANG_WARN__DUPLICATE_METHOD_MATCH = YES;
				COPY_PHASE_STRIP = NO;
				DEBUG_INFORMATION_FORMAT = "dwarf-with-dsym";
				ENABLE_NS_ASSERTIONS = NO;
				ENABLE_STRICT_OBJC_MSGSEND = YES;
				GCC_C_LANGUAGE_STANDARD = gnu11;
				GCC_NO_COMMON_BLOCKS = YES;
				GCC_WARN_64_TO_32_BIT_CONVERSION = YES;
				GCC_WARN_ABOUT_RETURN_TYPE = YES_ERROR;
				GCC_WARN_UNDECLARED_SELECTOR = YES;
				GCC_WARN_UNINITIALIZED_AUTOS = YES_AGGRESSIVE;
				GCC_WARN_UNUSED_FUNCTION = YES;
				GCC_WARN_UNUSED_VARIABLE = YES;
				IPHONEOS_DEPLOYMENT_TARGET = 16.4;
				MTL_ENABLE_DEBUG_INFO = NO;
				MTL_FAST_MATH = YES;
				SDKROOT = iphoneos;
				SWIFT_COMPILATION_MODE = wholemodule;
				SWIFT_OPTIMIZATION_LEVEL = "-O";
				VALIDATE_PRODUCT = YES;
			};
			name = Release;
		};
		BE3C1C1C2A03C32600F9CF4A /* Debug */ = {
			isa = XCBuildConfiguration;
			buildSettings = {
				ASSETCATALOG_COMPILER_APPICON_NAME = AppIcon;
				ASSETCATALOG_COMPILER_GLOBAL_ACCENT_COLOR_NAME = AccentColor;
				CODE_SIGN_STYLE = Automatic;
				CURRENT_PROJECT_VERSION = 1;
				DEVELOPMENT_TEAM = 8Y98YG73DY;
				GENERATE_INFOPLIST_FILE = YES;
				INFOPLIST_FILE = NewsApiTask/Info.plist;
				INFOPLIST_KEY_UIApplicationSupportsIndirectInputEvents = YES;
				INFOPLIST_KEY_UILaunchStoryboardName = LaunchScreen;
				INFOPLIST_KEY_UIMainStoryboardFile = Main;
				INFOPLIST_KEY_UISupportedInterfaceOrientations_iPad = "UIInterfaceOrientationPortrait UIInterfaceOrientationPortraitUpsideDown UIInterfaceOrientationLandscapeLeft UIInterfaceOrientationLandscapeRight";
				INFOPLIST_KEY_UISupportedInterfaceOrientations_iPhone = "UIInterfaceOrientationPortrait UIInterfaceOrientationLandscapeLeft UIInterfaceOrientationLandscapeRight";
				LD_RUNPATH_SEARCH_PATHS = (
					"$(inherited)",
					"@executable_path/Frameworks",
				);
				MARKETING_VERSION = 1.0;
				PRODUCT_BUNDLE_IDENTIFIER = com.tsimafeizykau.NewsApiTask;
				PRODUCT_NAME = "$(TARGET_NAME)";
				SWIFT_EMIT_LOC_STRINGS = YES;
				SWIFT_VERSION = 5.0;
				TARGETED_DEVICE_FAMILY = "1,2";
			};
			name = Debug;
		};
		BE3C1C1D2A03C32600F9CF4A /* Release */ = {
			isa = XCBuildConfiguration;
			buildSettings = {
				ASSETCATALOG_COMPILER_APPICON_NAME = AppIcon;
				ASSETCATALOG_COMPILER_GLOBAL_ACCENT_COLOR_NAME = AccentColor;
				CODE_SIGN_STYLE = Automatic;
				CURRENT_PROJECT_VERSION = 1;
				DEVELOPMENT_TEAM = 8Y98YG73DY;
				GENERATE_INFOPLIST_FILE = YES;
				INFOPLIST_FILE = NewsApiTask/Info.plist;
				INFOPLIST_KEY_UIApplicationSupportsIndirectInputEvents = YES;
				INFOPLIST_KEY_UILaunchStoryboardName = LaunchScreen;
				INFOPLIST_KEY_UIMainStoryboardFile = Main;
				INFOPLIST_KEY_UISupportedInterfaceOrientations_iPad = "UIInterfaceOrientationPortrait UIInterfaceOrientationPortraitUpsideDown UIInterfaceOrientationLandscapeLeft UIInterfaceOrientationLandscapeRight";
				INFOPLIST_KEY_UISupportedInterfaceOrientations_iPhone = "UIInterfaceOrientationPortrait UIInterfaceOrientationLandscapeLeft UIInterfaceOrientationLandscapeRight";
				LD_RUNPATH_SEARCH_PATHS = (
					"$(inherited)",
					"@executable_path/Frameworks",
				);
				MARKETING_VERSION = 1.0;
				PRODUCT_BUNDLE_IDENTIFIER = com.tsimafeizykau.NewsApiTask;
				PRODUCT_NAME = "$(TARGET_NAME)";
				SWIFT_EMIT_LOC_STRINGS = YES;
				SWIFT_VERSION = 5.0;
				TARGETED_DEVICE_FAMILY = "1,2";
			};
			name = Release;
		};
/* End XCBuildConfiguration section */

/* Begin XCConfigurationList section */
		BE3C1BFF2A03C32600F9CF4A /* Build configuration list for PBXProject "NewsApiTask" */ = {
			isa = XCConfigurationList;
			buildConfigurations = (
				BE3C1C192A03C32600F9CF4A /* Debug */,
				BE3C1C1A2A03C32600F9CF4A /* Release */,
			);
			defaultConfigurationIsVisible = 0;
			defaultConfigurationName = Release;
		};
		BE3C1C1B2A03C32600F9CF4A /* Build configuration list for PBXNativeTarget "NewsApiTask" */ = {
			isa = XCConfigurationList;
			buildConfigurations = (
				BE3C1C1C2A03C32600F9CF4A /* Debug */,
				BE3C1C1D2A03C32600F9CF4A /* Release */,
			);
			defaultConfigurationIsVisible = 0;
			defaultConfigurationName = Release;
		};
/* End XCConfigurationList section */

/* Begin XCVersionGroup section */
		BE3C1C102A03C32600F9CF4A /* NewsApiTask.xcdatamodeld */ = {
			isa = XCVersionGroup;
			children = (
				BE3C1C112A03C32600F9CF4A /* NewsApiTask.xcdatamodel */,
			);
			currentVersion = BE3C1C112A03C32600F9CF4A /* NewsApiTask.xcdatamodel */;
			path = NewsApiTask.xcdatamodeld;
			sourceTree = "<group>";
			versionGroupType = wrapper.xcdatamodel;
		};
/* End XCVersionGroup section */
	};
	rootObject = BE3C1BFC2A03C32600F9CF4A /* Project object */;
}
